
Microsoft Visual Studio Solution File, Format Version 12.00
# Visual Studio Version 17
VisualStudioVersion = 17.5.002.0
MinimumVisualStudioVersion = 10.0.40219.1
Project("{9A19103F-16F7-4668-BE54-9A1E7A4F7556}") = "Proj2", "Proj2.csproj", "{E137C502-3588-49F3-A593-F7E7AABA5EFF}"
EndProject
Global
	GlobalSection(SolutionConfigurationPlatforms) = preSolution
		Debug|Any CPU = Debug|Any CPU
		Release|Any CPU = Release|Any CPU
	EndGlobalSection
	GlobalSection(ProjectConfigurationPlatforms) = postSolution
		{E137C502-3588-49F3-A593-F7E7AABA5EFF}.Debug|Any CPU.ActiveCfg = Debug|Any CPU
		{E137C502-3588-49F3-A593-F7E7AABA5EFF}.Debug|Any CPU.Build.0 = Debug|Any CPU
		{E137C502-3588-49F3-A593-F7E7AABA5EFF}.Release|Any CPU.ActiveCfg = Release|Any CPU
		{E137C502-3588-49F3-A593-F7E7AABA5EFF}.Release|Any CPU.Build.0 = Release|Any CPU
	EndGlobalSection
	GlobalSection(SolutionProperties) = preSolution
		HideSolutionNode = FALSE
	EndGlobalSection
	GlobalSection(ExtensibilityGlobals) = postSolution
		SolutionGuid = {54D041CE-BA39-4A75-A4FD-2D08E3F0373B}
	EndGlobalSection
EndGlobal
